
Microsoft Visual Studio Solution File, Format Version 12.00
# Visual Studio Version 16
VisualStudioVersion = 16.0.31205.134
MinimumVisualStudioVersion = 10.0.40219.1
Project("{FAE04EC0-301F-11D3-BF4B-00C04F79EFBC}") = "GeekBurger.Products", "GeekBurger\GeekBurger.Products.csproj", "{EF0055BD-DF79-4AFD-8A0F-A67CA11CC9C5}"
EndProject
Project("{FAE04EC0-301F-11D3-BF4B-00C04F79EFBC}") = "GeekBurger.Products.Contract", "GeekBurger.Products.Contract\GeekBurger.Products.Contract.csproj", "{E896D56B-DF6F-4465-8124-A3A787766075}"
EndProject
Global
	GlobalSection(SolutionConfigurationPlatforms) = preSolution
		Debug|Any CPU = Debug|Any CPU
		Release|Any CPU = Release|Any CPU
	EndGlobalSection
	GlobalSection(ProjectConfigurationPlatforms) = postSolution
		{EF0055BD-DF79-4AFD-8A0F-A67CA11CC9C5}.Debug|Any CPU.ActiveCfg = Debug|Any CPU
		{EF0055BD-DF79-4AFD-8A0F-A67CA11CC9C5}.Debug|Any CPU.Build.0 = Debug|Any CPU
		{EF0055BD-DF79-4AFD-8A0F-A67CA11CC9C5}.Release|Any CPU.ActiveCfg = Release|Any CPU
		{EF0055BD-DF79-4AFD-8A0F-A67CA11CC9C5}.Release|Any CPU.Build.0 = Release|Any CPU
		{E896D56B-DF6F-4465-8124-A3A787766075}.Debug|Any CPU.ActiveCfg = Debug|Any CPU
		{E896D56B-DF6F-4465-8124-A3A787766075}.Debug|Any CPU.Build.0 = Debug|Any CPU
		{E896D56B-DF6F-4465-8124-A3A787766075}.Release|Any CPU.ActiveCfg = Release|Any CPU
		{E896D56B-DF6F-4465-8124-A3A787766075}.Release|Any CPU.Build.0 = Release|Any CPU
	EndGlobalSection
	GlobalSection(SolutionProperties) = preSolution
		HideSolutionNode = FALSE
	EndGlobalSection
	GlobalSection(ExtensibilityGlobals) = postSolution
		SolutionGuid = {B93098E1-10BC-47F4-AD98-921D57E4B3C5}
	EndGlobalSection
EndGlobal
